{
  "name": "test",
  "version": "1.0.0",
  "lockfileVersion": 3,
  "requires": true,
  "packages": {
    "": {
      "name": "test",
      "version": "1.0.0",
      "license": "ISC",
      "dependencies": {
        "templ8": "^0.0.44"
      }
    },
    "node_modules/templ8": {
      "version": "0.0.44",
      "resolved": "https://registry.npmjs.org/templ8/-/templ8-0.0.44.tgz",
      "integrity": "sha512-9KxtGVsw71UOK66wUke3jp/6xCPE26OBnkjMpwrqobVfDzg3dd6PPBJfjHn4jvRjDb28R7v4WqkryRamGzmHWw=="
    }
  }
}
