{
  "requires": true,
  "lockfileVersion": 1,
  "dependencies": {
    "dot": {
      "version": "1.0.3",
      "resolved": "https://registry.npmjs.org/dot/-/dot-1.0.3.tgz",
      "integrity": "sha512-b0ilWM9qrWChYO1D1cXgx6Z47nzKR3tTsiPBnhUZF02+vGj9iHXP0QhUcKIdk+VRSXeFvMqtJjAXALJBAq7R3A=="
    }
  }
}
