{
  "name": "atpl",
  "lockfileVersion": 2,
  "requires": true,
  "packages": {
    "": {
      "dependencies": {
        "atpl": "^0.9.3"
      }
    },
    "node_modules/atpl": {
      "version": "0.9.3",
      "resolved": "https://registry.npmjs.org/atpl/-/atpl-0.9.3.tgz",
      "integrity": "sha512-bpAeUgxWgmOz7RsY4LMkQFqH29/hMFjKeTuVHPz/CjMnNuA5hj7l9T/S1rZN4QfXIQ+FLKTtIdPLEFXLJguJ8Q==",
      "engines": {
        "node": "*"
      }
    }
  },
  "dependencies": {
    "atpl": {
      "version": "0.9.3",
      "resolved": "https://registry.npmjs.org/atpl/-/atpl-0.9.3.tgz",
      "integrity": "sha512-bpAeUgxWgmOz7RsY4LMkQFqH29/hMFjKeTuVHPz/CjMnNuA5hj7l9T/S1rZN4QfXIQ+FLKTtIdPLEFXLJguJ8Q=="
    }
  }
}
