{
  "name": "test",
  "version": "1.0.0",
  "lockfileVersion": 3,
  "requires": true,
  "packages": {
    "": {
      "name": "test",
      "version": "1.0.0",
      "license": "ISC",
      "dependencies": {
        "easytemplatejs": "^3.0.1"
      }
    },
    "node_modules/easytemplatejs": {
      "version": "3.0.1",
      "resolved": "https://registry.npmjs.org/easytemplatejs/-/easytemplatejs-3.0.1.tgz",
      "integrity": "sha512-tFTALp1mgx3pgsajNaDXZqFevul1bY93XsMAUF1dRSGcHKAKANtMG+lbdkQ95X1hlS9gMfa8XniuNQZor2Lugw=="
    }
  }
}
