{
  "name": "test",
  "version": "1.0.0",
  "lockfileVersion": 1,
  "requires": true,
  "dependencies": {
    "q": {
      "version": "0.8.12",
      "resolved": "https://registry.npmjs.org/q/-/q-0.8.12.tgz",
      "integrity": "sha512-mvLmeFP7lwVSFzDhpVhkI9Jw3u9goGQ2IY9nbSNMA4OZyviFjs2XILKMesUz8nBz4deKS9eWibvEuBNlRxZHBg=="
    },
    "qejs": {
      "version": "3.0.5",
      "resolved": "https://registry.npmjs.org/qejs/-/qejs-3.0.5.tgz",
      "integrity": "sha512-LCCMc7nZ8qRkg9hm5k5/S0cybPeJoX+56Qw8rNK0NLjmyOvMCg2KD7K8s2rpG3L9+xBeeSN/QNVIvXoeqCM/aw==",
      "requires": {
        "q": "0.8.x"
      }
    }
  }
}
