{
  "name": "jazz",
  "lockfileVersion": 2,
  "requires": true,
  "packages": {
    "": {
      "dependencies": {
        "jazz": "^0.0.18"
      }
    },
    "node_modules/jazz": {
      "version": "0.0.18",
      "resolved": "https://registry.npmjs.org/jazz/-/jazz-0.0.18.tgz",
      "integrity": "sha512-EaQJD/lHUEuUjqv5z86QG0qXisyglHGW6J+eCP9xJ1br9qqXak1GkDdicYmtUryOaciW+ybse2y7EA19zvRVeA==",
      "engines": {
        "node": ">= 0.1.102"
      }
    }
  },
  "dependencies": {
    "jazz": {
      "version": "0.0.18",
      "resolved": "https://registry.npmjs.org/jazz/-/jazz-0.0.18.tgz",
      "integrity": "sha512-EaQJD/lHUEuUjqv5z86QG0qXisyglHGW6J+eCP9xJ1br9qqXak1GkDdicYmtUryOaciW+ybse2y7EA19zvRVeA=="
    }
  }
}
