{
  "name": "eta-test",
  "version": "1.0.0",
  "lockfileVersion": 3,
  "requires": true,
  "packages": {
    "": {
      "name": "eta-test",
      "version": "1.0.0",
      "license": "ISC",
      "dependencies": {
        "liquor": "^0.0.5"
      }
    },
    "node_modules/liquor": {
      "version": "0.0.5",
      "resolved": "https://registry.npmjs.org/liquor/-/liquor-0.0.5.tgz",
      "integrity": "sha512-25l2xIk3LXTvmRFJ1jSR51F32pByWxFO7yDXhNDTr62KmkGrUGETDqsH/IaOlknYu7jqqbxeZ5a9j4SbsaKLeQ=="
    }
  }
}
