{
  "name": "test",
  "version": "1.0.0",
  "lockfileVersion": 3,
  "requires": true,
  "packages": {
    "": {
      "name": "test",
      "version": "1.0.0",
      "license": "ISC",
      "dependencies": {
        "templayed": "^0.2.3"
      }
    },
    "node_modules/templayed": {
      "version": "0.2.3",
      "resolved": "https://registry.npmjs.org/templayed/-/templayed-0.2.3.tgz",
      "integrity": "sha512-PkryVKPQ++1gp2sVUREJhGmtK2GF/DNEZ0KnGcam0dyD+XbFO+IWp9/vPIOfpLRzwW1SMrcr/5BkA0yMbNYPGw=="
    }
  }
}
