{
  "name": "jqtpl",
  "lockfileVersion": 2,
  "requires": true,
  "packages": {
    "": {
      "dependencies": {
        "jqtpl": "^2.0.16-rc1"
      }
    },
    "node_modules/jqtpl": {
      "version": "2.0.16-rc1",
      "resolved": "https://registry.npmjs.org/jqtpl/-/jqtpl-2.0.16rc1.tgz",
      "integrity": "sha512-JfB/xjUIHbF8wp5jd6IZxnnxvTwFSehGwzGAety9q1Wy8B1uxGBTjrbZ0DxAqwsHm3mtUsqXnoj2232e5E3mNw==",
      "dependencies": {
        "underscore": "1.4.x"
      },
      "engines": {
        "node": "*"
      }
    },
    "node_modules/underscore": {
      "version": "1.4.4",
      "resolved": "https://registry.npmjs.org/underscore/-/underscore-1.4.4.tgz",
      "integrity": "sha512-ZqGrAgaqqZM7LGRzNjLnw5elevWb5M8LEoDMadxIW3OWbcv72wMMgKdwOKpd5Fqxe8choLD8HN3iSj3TUh/giQ=="
    }
  },
  "dependencies": {
    "jqtpl": {
      "version": "2.0.16-rc1",
      "resolved": "https://registry.npmjs.org/jqtpl/-/jqtpl-2.0.16rc1.tgz",
      "integrity": "sha512-JfB/xjUIHbF8wp5jd6IZxnnxvTwFSehGwzGAety9q1Wy8B1uxGBTjrbZ0DxAqwsHm3mtUsqXnoj2232e5E3mNw==",
      "requires": {
        "underscore": "1.4.x"
      }
    },
    "underscore": {
      "version": "1.4.4",
      "resolved": "https://registry.npmjs.org/underscore/-/underscore-1.4.4.tgz",
      "integrity": "sha512-ZqGrAgaqqZM7LGRzNjLnw5elevWb5M8LEoDMadxIW3OWbcv72wMMgKdwOKpd5Fqxe8choLD8HN3iSj3TUh/giQ=="
    }
  }
}
